Microsoft Visual Studio Solution File, Format Version 11.00
# Visual Studio 2008

Project("{616AA5A4-B201-BB0E-8660-B3E127CF202F}") = "Super Tutorial", "Assembly-CSharp-firstpass.csproj", "{0A61EBCE-9FAC-93E7-ECF3-9D319E2AFA0D}"
EndProject
Project("{616AA5A4-B201-BB0E-8660-B3E127CF202F}") = "Super Tutorial", "Assembly-CSharp.csproj", "{B938C01B-F982-8DC1-8324-7251CC352FB5}"
EndProject
Project("{616AA5A4-B201-BB0E-8660-B3E127CF202F}") = "Super Tutorial", "Assembly-UnityScript-firstpass.unityproj", "{731151BE-F66E-6D65-BF5C-7A4FC069E1CC}"
EndProject
Project("{616AA5A4-B201-BB0E-8660-B3E127CF202F}") = "Super Tutorial", "Assembly-UnityScript.unityproj", "{8839B02C-1061-B09B-AB53-C4F45F5D130F}"
EndProject
Global
	GlobalSection(SolutionConfigurationPlatforms) = preSolution
		Debug|Any CPU = Debug|Any CPU
		Release|Any CPU = Release|Any CPU
	EndGlobalSection
	GlobalSection(ProjectConfigurationPlatforms) = postSolution
		{0A61EBCE-9FAC-93E7-ECF3-9D319E2AFA0D}.Debug|Any CPU.ActiveCfg = Debug|Any CPU
		{0A61EBCE-9FAC-93E7-ECF3-9D319E2AFA0D}.Debug|Any CPU.Build.0 = Debug|Any CPU
		{0A61EBCE-9FAC-93E7-ECF3-9D319E2AFA0D}.Release|Any CPU.ActiveCfg = Release|Any CPU
		{0A61EBCE-9FAC-93E7-ECF3-9D319E2AFA0D}.Release|Any CPU.Build.0 = Release|Any CPU
		{B938C01B-F982-8DC1-8324-7251CC352FB5}.Debug|Any CPU.ActiveCfg = Debug|Any CPU
		{B938C01B-F982-8DC1-8324-7251CC352FB5}.Debug|Any CPU.Build.0 = Debug|Any CPU
		{B938C01B-F982-8DC1-8324-7251CC352FB5}.Release|Any CPU.ActiveCfg = Release|Any CPU
		{B938C01B-F982-8DC1-8324-7251CC352FB5}.Release|Any CPU.Build.0 = Release|Any CPU
		{731151BE-F66E-6D65-BF5C-7A4FC069E1CC}.Debug|Any CPU.ActiveCfg = Debug|Any CPU
		{731151BE-F66E-6D65-BF5C-7A4FC069E1CC}.Debug|Any CPU.Build.0 = Debug|Any CPU
		{731151BE-F66E-6D65-BF5C-7A4FC069E1CC}.Release|Any CPU.ActiveCfg = Release|Any CPU
		{731151BE-F66E-6D65-BF5C-7A4FC069E1CC}.Release|Any CPU.Build.0 = Release|Any CPU
		{8839B02C-1061-B09B-AB53-C4F45F5D130F}.Debug|Any CPU.ActiveCfg = Debug|Any CPU
		{8839B02C-1061-B09B-AB53-C4F45F5D130F}.Debug|Any CPU.Build.0 = Debug|Any CPU
		{8839B02C-1061-B09B-AB53-C4F45F5D130F}.Release|Any CPU.ActiveCfg = Release|Any CPU
		{8839B02C-1061-B09B-AB53-C4F45F5D130F}.Release|Any CPU.Build.0 = Release|Any CPU
	EndGlobalSection
	GlobalSection(SolutionProperties) = preSolution
		HideSolutionNode = FALSE
	EndGlobalSection
				GlobalSection(MonoDevelopProperties) = preSolution
		StartupItem = Assembly-CSharp.csproj
		Policies = $0
		$0.TextStylePolicy = $1
		$1.inheritsSet = null
		$1.scope = text/x-csharp
		$0.CSharpFormattingPolicy = $2
		$2.inheritsSet = Mono
		$2.inheritsScope = text/x-csharp
		$2.scope = text/x-csharp
		$0.TextStylePolicy = $3
		$3.FileWidth = 120
		$3.TabWidth = 4
		$3.EolMarker = Unix
		$3.inheritsSet = Mono
		$3.inheritsScope = text/plain
		$3.scope = text/plain
	EndGlobalSection

EndGlobal
